{
  "version": "4",
  "specifiers": {
    "jsr:@openai/openai@^4.95.1": "4.95.1",
    "npm:zod@3": "3.24.3"
  },
  "jsr": {
    "@openai/openai@4.95.1": {
      "integrity": "2f4e88862e5613b7c166051ff5ebcce49c871f78b6dc5c24fa388172e277b701",
      "dependencies": [
        "npm:zod"
      ]
    }
  },
  "npm": {
    "zod@3.24.3": {
      "integrity": "sha512-HhY1oqzWCQWuUqvBFnsyrtZRhyPeR7SUGv+C4+MsisMuVfSPx8HpwWqH8tRahSlt6M3PiFAcoeFhZAqIXTxoSg=="
    }
  },
  "workspace": {
    "dependencies": [
      "jsr:@openai/openai@^4.95.1"
    ]
  }
}
